
Microsoft Visual Studio Solution File, Format Version 12.00
# Visual Studio Version 16
VisualStudioVersion = 16.0.28809.33
MinimumVisualStudioVersion = 10.0.40219.1
Project("{FAE04EC0-301F-11D3-BF4B-00C04F79EFBC}") = "BSPInspector", "BSPInspector\BSPInspector.csproj", "{70FC0D2E-F7CF-4254-898C-647BC8143842}"
EndProject
Global
	GlobalSection(SolutionConfigurationPlatforms) = preSolution
		Debug|Any CPU = Debug|Any CPU
		Release|Any CPU = Release|Any CPU
	EndGlobalSection
	GlobalSection(ProjectConfigurationPlatforms) = postSolution
		{70FC0D2E-F7CF-4254-898C-647BC8143842}.Debug|Any CPU.ActiveCfg = Debug|Any CPU
		{70FC0D2E-F7CF-4254-898C-647BC8143842}.Debug|Any CPU.Build.0 = Debug|Any CPU
		{70FC0D2E-F7CF-4254-898C-647BC8143842}.Release|Any CPU.ActiveCfg = Release|Any CPU
		{70FC0D2E-F7CF-4254-898C-647BC8143842}.Release|Any CPU.Build.0 = Release|Any CPU
	EndGlobalSection
	GlobalSection(SolutionProperties) = preSolution
		HideSolutionNode = FALSE
	EndGlobalSection
	GlobalSection(ExtensibilityGlobals) = postSolution
		SolutionGuid = {ACDCC932-2903-4A75-927F-5E849B30AF5A}
	EndGlobalSection
EndGlobal
